
Microsoft Visual Studio Solution File, Format Version 12.00
# Visual Studio 15
VisualStudioVersion = 15.0.28010.2036
MinimumVisualStudioVersion = 10.0.40219.1
Project("{FAE04EC0-301F-11D3-BF4B-00C04F79EFBC}") = "Lab_4", "Lab_4\Lab_4.csproj", "{2296F393-AD84-4774-BC7B-1B3E1E4D633E}"
EndProject
Global
	GlobalSection(SolutionConfigurationPlatforms) = preSolution
		Debug|Any CPU = Debug|Any CPU
		Release|Any CPU = Release|Any CPU
	EndGlobalSection
	GlobalSection(ProjectConfigurationPlatforms) = postSolution
		{2296F393-AD84-4774-BC7B-1B3E1E4D633E}.Debug|Any CPU.ActiveCfg = Debug|Any CPU
		{2296F393-AD84-4774-BC7B-1B3E1E4D633E}.Debug|Any CPU.Build.0 = Debug|Any CPU
		{2296F393-AD84-4774-BC7B-1B3E1E4D633E}.Release|Any CPU.ActiveCfg = Release|Any CPU
		{2296F393-AD84-4774-BC7B-1B3E1E4D633E}.Release|Any CPU.Build.0 = Release|Any CPU
	EndGlobalSection
	GlobalSection(SolutionProperties) = preSolution
		HideSolutionNode = FALSE
	EndGlobalSection
	GlobalSection(ExtensibilityGlobals) = postSolution
		SolutionGuid = {53BBEDE5-3D5A-429C-B042-9FC888E3859D}
	EndGlobalSection
EndGlobal
